// !$*UTF8*$!
{
	archiveVersion = 1;
	classes = {
	};
	objectVersion = 46;
	objects = {

/* Begin PBXBuildFile section */
		D24DCA621ABA73E7007184A0 /* AppDelegate.swift in Sources */ = {isa = PBXBuildFile; fileRef = D24DCA611ABA73E7007184A0 /* AppDelegate.swift */; };
		D24DCA641ABA73E7007184A0 /* ViewController.swift in Sources */ = {isa = PBXBuildFile; fileRef = D24DCA631ABA73E7007184A0 /* ViewController.swift */; };
		D24DCA671ABA73E7007184A0 /* Main.storyboard in Resources */ = {isa = PBXBuildFile; fileRef = D24DCA651ABA73E7007184A0 /* Main.storyboard */; };
		D24DCA691ABA73E7007184A0 /* Images.xcassets in Resources */ = {isa = PBXBuildFile; fileRef = D24DCA681ABA73E7007184A0 /* Images.xcassets */; };
		D24DCA6C1ABA73E7007184A0 /* LaunchScreen.xib in Resources */ = {isa = PBXBuildFile; fileRef = D24DCA6A1ABA73E7007184A0 /* LaunchScreen.xib */; };
		D24DCA781ABA73E7007184A0 /* TodoListTests.swift in Sources */ = {isa = PBXBuildFile; fileRef = D24DCA771ABA73E7007184A0 /* TodoListTests.swift */; };
/* End PBXBuildFile section */

/* Begin PBXContainerItemProxy section */
		D24DCA721ABA73E7007184A0 /* PBXContainerItemProxy */ = {
			isa = PBXContainerItemProxy;
			containerPortal = D24DCA541ABA73E7007184A0 /* Project object */;
			proxyType = 1;
			remoteGlobalIDString = D24DCA5B1ABA73E7007184A0;
			remoteInfo = TodoList;
		};
/* End PBXContainerItemProxy section */

/* Begin PBXFileReference section */
		D24DCA5C1ABA73E7007184A0 /* TodoList.app */ = {isa = PBXFileReference; explicitFileType = wrapper.application; includeInIndex = 0; path = TodoList.app; sourceTree = BUILT_PRODUCTS_DIR; };
		D24DCA601ABA73E7007184A0 /* Info.plist */ = {isa = PBXFileReference; lastKnownFileType = text.plist.xml; path = Info.plist; sourceTree = "<group>"; };
		D24DCA611ABA73E7007184A0 /* AppDelegate.swift */ = {isa = PBXFileReference; lastKnownFileType = sourcecode.swift; path = AppDelegate.swift; sourceTree = "<group>"; };
		D24DCA631ABA73E7007184A0 /* ViewController.swift */ = {isa = PBXFileReference; lastKnownFileType = sourcecode.swift; path = ViewController.swift; sourceTree = "<group>"; };
		D24DCA661ABA73E7007184A0 /* Base */ = {isa = PBXFileReference; lastKnownFileType = file.storyboard; name = Base; path = Base.lproj/Main.storyboard; sourceTree = "<group>"; };
		D24DCA681ABA73E7007184A0 /* Images.xcassets */ = {isa = PBXFileReference; lastKnownFileType = folder.assetcatalog; path = Images.xcassets; sourceTree = "<group>"; };
		D24DCA6B1ABA73E7007184A0 /* Base */ = {isa = PBXFileReference; lastKnownFileType = file.xib; name = Base; path = Base.lproj/LaunchScreen.xib; sourceTree = "<group>"; };
		D24DCA711ABA73E7007184A0 /* TodoListTests.xctest */ = {isa = PBXFileReference; explicitFileType = wrapper.cfbundle; includeInIndex = 0; path = TodoListTests.xctest; sourceTree = BUILT_PRODUCTS_DIR; };
		D24DCA761ABA73E7007184A0 /* Info.plist */ = {isa = PBXFileReference; lastKnownFileType = text.plist.xml; path = Info.plist; sourceTree = "<group>"; };
		D24DCA771ABA73E7007184A0 /* TodoListTests.swift */ = {isa = PBXFileReference; lastKnownFileType = sourcecode.swift; path = TodoListTests.swift; sourceTree = "<group>"; };
/* End PBXFileReference section */

/* Begin PBXFrameworksBuildPhase section */
		D24DCA591ABA73E7007184A0 /* Frameworks */ = {
			isa = PBXFrameworksBuildPhase;
			buildActionMask = 2147483647;
			files = (
			);
			runOnlyForDeploymentPostprocessing = 0;
		};
		D24DCA6E1ABA73E7007184A0 /* Frameworks */ = {
			isa = PBXFrameworksBuildPhase;
			buildActionMask = 2147483647;
			files = (
			);
			runOnlyForDeploymentPostprocessing = 0;
		};
/* End PBXFrameworksBuildPhase section */

/* Begin PBXGroup section */
		D24DCA531ABA73E7007184A0 = {
			isa = PBXGroup;
			children = (
				D24DCA5E1ABA73E7007184A0 /* TodoList */,
				D24DCA741ABA73E7007184A0 /* TodoListTests */,
				D24DCA5D1ABA73E7007184A0 /* Products */,
			);
			sourceTree = "<group>";
		};
		D24DCA5D1ABA73E7007184A0 /* Products */ = {
			isa = PBXGroup;
			children = (
				D24DCA5C1ABA73E7007184A0 /* TodoList.app */,
				D24DCA711ABA73E7007184A0 /* TodoListTests.xctest */,
			);
			name = Products;
			sourceTree = "<group>";
		};
		D24DCA5E1ABA73E7007184A0 /* TodoList */ = {
			isa = PBXGroup;
			children = (
				D24DCA611ABA73E7007184A0 /* AppDelegate.swift */,
				D24DCA631ABA73E7007184A0 /* ViewController.swift */,
				D24DCA651ABA73E7007184A0 /* Main.storyboard */,
				D24DCA681ABA73E7007184A0 /* Images.xcassets */,
				D24DCA6A1ABA73E7007184A0 /* LaunchScreen.xib */,
				D24DCA5F1ABA73E7007184A0 /* Supporting Files */,
			);
			path = TodoList;
			sourceTree = "<group>";
		};
		D24DCA5F1ABA73E7007184A0 /* Supporting Files */ = {
			isa = PBXGroup;
			children = (
				D24DCA601ABA73E7007184A0 /* Info.plist */,
			);
			name = "Supporting Files";
			sourceTree = "<group>";
		};
		D24DCA741ABA73E7007184A0 /* TodoListTests */ = {
			isa = PBXGroup;
			children = (
				D24DCA771ABA73E7007184A0 /* TodoListTests.swift */,
				D24DCA751ABA73E7007184A0 /* Supporting Files */,
			);
			path = TodoListTests;
			sourceTree = "<group>";
		};
		D24DCA751ABA73E7007184A0 /* Supporting Files */ = {
			isa = PBXGroup;
			children = (
				D24DCA761ABA73E7007184A0 /* Info.plist */,
			);
			name = "Supporting Files";
			sourceTree = "<group>";
		};
/* End PBXGroup section */

/* Begin PBXNativeTarget section */
		D24DCA5B1ABA73E7007184A0 /* TodoList */ = {
			isa = PBXNativeTarget;
			buildConfigurationList = D24DCA7B1ABA73E8007184A0 /* Build configuration list for PBXNativeTarget "TodoList" */;
			buildPhases = (
				D24DCA581ABA73E7007184A0 /* Sources */,
				D24DCA591ABA73E7007184A0 /* Frameworks */,
				D24DCA5A1ABA73E7007184A0 /* Resources */,
			);
			buildRules = (
			);
			dependencies = (
			);
			name = TodoList;
			productName = TodoList;
			productReference = D24DCA5C1ABA73E7007184A0 /* TodoList.app */;
			productType = "com.apple.product-type.application";
		};
		D24DCA701ABA73E7007184A0 /* TodoListTests */ = {
			isa = PBXNativeTarget;
			buildConfigurationList = D24DCA7E1ABA73E8007184A0 /* Build configuration list for PBXNativeTarget "TodoListTests" */;
			buildPhases = (
				D24DCA6D1ABA73E7007184A0 /* Sources */,
				D24DCA6E1ABA73E7007184A0 /* Frameworks */,
				D24DCA6F1ABA73E7007184A0 /* Resources */,
			);
			buildRules = (
			);
			dependencies = (
				D24DCA731ABA73E7007184A0 /* PBXTargetDependency */,
			);
			name = TodoListTests;
			productName = TodoListTests;
			productReference = D24DCA711ABA73E7007184A0 /* TodoListTests.xctest */;
			productType = "com.apple.product-type.bundle.unit-test";
		};
/* End PBXNativeTarget section */

/* Begin PBXProject section */
		D24DCA541ABA73E7007184A0 /* Project object */ = {
			isa = PBXProject;
			attributes = {
				LastUpgradeCheck = 0620;
				ORGANIZATIONNAME = "Zhejiang Laiyi Medicine Co., Ltd.";
				TargetAttributes = {
					D24DCA5B1ABA73E7007184A0 = {
						CreatedOnToolsVersion = 6.2;
					};
					D24DCA701ABA73E7007184A0 = {
						CreatedOnToolsVersion = 6.2;
						TestTargetID = D24DCA5B1ABA73E7007184A0;
					};
				};
			};
			buildConfigurationList = D24DCA571ABA73E7007184A0 /* Build configuration list for PBXProject "TodoList" */;
			compatibilityVersion = "Xcode 3.2";
			developmentRegion = English;
			hasScannedForEncodings = 0;
			knownRegions = (
				en,
				Base,
			);
			mainGroup = D24DCA531ABA73E7007184A0;
			productRefGroup = D24DCA5D1ABA73E7007184A0 /* Products */;
			projectDirPath = "";
			projectRoot = "";
			targets = (
				D24DCA5B1ABA73E7007184A0 /* TodoList */,
				D24DCA701ABA73E7007184A0 /* TodoListTests */,
			);
		};
/* End PBXProject section */

/* Begin PBXResourcesBuildPhase section */
		D24DCA5A1ABA73E7007184A0 /* Resources */ = {
			isa = PBXResourcesBuildPhase;
			buildActionMask = 2147483647;
			files = (
				D24DCA671ABA73E7007184A0 /* Main.storyboard in Resources */,
				D24DCA6C1ABA73E7007184A0 /* LaunchScreen.xib in Resources */,
				D24DCA691ABA73E7007184A0 /* Images.xcassets in Resources */,
			);
			runOnlyForDeploymentPostprocessing = 0;
		};
		D24DCA6F1ABA73E7007184A0 /* Resources */ = {
			isa = PBXResourcesBuildPhase;
			buildActionMask = 2147483647;
			files = (
			);
			runOnlyForDeploymentPostprocessing = 0;
		};
/* End PBXResourcesBuildPhase section */

/* Begin PBXSourcesBuildPhase section */
		D24DCA581ABA73E7007184A0 /* Sources */ = {
			isa = PBXSourcesBuildPhase;
			buildActionMask = 2147483647;
			files = (
				D24DCA641ABA73E7007184A0 /* ViewController.swift in Sources */,
				D24DCA621ABA73E7007184A0 /* AppDelegate.swift in Sources */,
			);
			runOnlyForDeploymentPostprocessing = 0;
		};
		D24DCA6D1ABA73E7007184A0 /* Sources */ = {
			isa = PBXSourcesBuildPhase;
			buildActionMask = 2147483647;
			files = (
				D24DCA781ABA73E7007184A0 /* TodoListTests.swift in Sources */,
			);
			runOnlyForDeploymentPostprocessing = 0;
		};
/* End PBXSourcesBuildPhase section */

/* Begin PBXTargetDependency section */
		D24DCA731ABA73E7007184A0 /* PBXTargetDependency */ = {
			isa = PBXTargetDependency;
			target = D24DCA5B1ABA73E7007184A0 /* TodoList */;
			targetProxy = D24DCA721ABA73E7007184A0 /* PBXContainerItemProxy */;
		};
/* End PBXTargetDependency section */

/* Begin PBXVariantGroup section */
		D24DCA651ABA73E7007184A0 /* Main.storyboard */ = {
			isa = PBXVariantGroup;
			children = (
				D24DCA661ABA73E7007184A0 /* Base */,
			);
			name = Main.storyboard;
			sourceTree = "<group>";
		};
		D24DCA6A1ABA73E7007184A0 /* LaunchScreen.xib */ = {
			isa = PBXVariantGroup;
			children = (
				D24DCA6B1ABA73E7007184A0 /* Base */,
			);
			name = LaunchScreen.xib;
			sourceTree = "<group>";
		};
/* End PBXVariantGroup section */

/* Begin XCBuildConfiguration section */
		D24DCA791ABA73E8007184A0 /* Debug */ = {
			isa = XCBuildConfiguration;
			buildSettings = {
				ALWAYS_SEARCH_USER_PATHS = NO;
				CLANG_CXX_LANGUAGE_STANDARD = "gnu++0x";
				CLANG_CXX_LIBRARY = "libc++";
				CLANG_ENABLE_MODULES = YES;
				CLANG_ENABLE_OBJC_ARC = YES;
				CLANG_WARN_BOOL_CONVERSION = YES;
				CLANG_WARN_CONSTANT_CONVERSION = YES;
				CLANG_WARN_DIRECT_OBJC_ISA_USAGE = YES_ERROR;
				CLANG_WARN_EMPTY_BODY = YES;
				CLANG_WARN_ENUM_CONVERSION = YES;
				CLANG_WARN_INT_CONVERSION = YES;
				CLANG_WARN_OBJC_ROOT_CLASS = YES_ERROR;
				CLANG_WARN_UNREACHABLE_CODE = YES;
				CLANG_WARN__DUPLICATE_METHOD_MATCH = YES;
				"CODE_SIGN_IDENTITY[sdk=iphoneos*]" = "iPhone Developer";
				COPY_PHASE_STRIP = NO;
				ENABLE_STRICT_OBJC_MSGSEND = YES;
				GCC_C_LANGUAGE_STANDARD = gnu99;
				GCC_DYNAMIC_NO_PIC = NO;
				GCC_OPTIMIZATION_LEVEL = 0;
				GCC_PREPROCESSOR_DEFINITIONS = (
					"DEBUG=1",
					"$(inherited)",
				);
				GCC_SYMBOLS_PRIVATE_EXTERN = NO;
				GCC_WARN_64_TO_32_BIT_CONVERSION = YES;
				GCC_WARN_ABOUT_RETURN_TYPE = YES_ERROR;
				GCC_WARN_UNDECLARED_SELECTOR = YES;
				GCC_WARN_UNINITIALIZED_AUTOS = YES_AGGRESSIVE;
				GCC_WARN_UNUSED_FUNCTION = YES;
				GCC_WARN_UNUSED_VARIABLE = YES;
				IPHONEOS_DEPLOYMENT_TARGET = 8.2;
				MTL_ENABLE_DEBUG_INFO = YES;
				ONLY_ACTIVE_ARCH = YES;
				SDKROOT = iphoneos;
				SWIFT_OPTIMIZATION_LEVEL = "-Onone";
			};
			name = Debug;
		};
		D24DCA7A1ABA73E8007184A0 /* Release */ = {
			isa = XCBuildConfiguration;
			buildSettings = {
				ALWAYS_SEARCH_USER_PATHS = NO;
				CLANG_CXX_LANGUAGE_STANDARD = "gnu++0x";
				CLANG_CXX_LIBRARY = "libc++";
				CLANG_ENABLE_MODULES = YES;
				CLANG_ENABLE_OBJC_ARC = YES;
				CLANG_WARN_BOOL_CONVERSION = YES;
				CLANG_WARN_CONSTANT_CONVERSION = YES;
				CLANG_WARN_DIRECT_OBJC_ISA_USAGE = YES_ERROR;
				CLANG_WARN_EMPTY_BODY = YES;
				CLANG_WARN_ENUM_CONVERSION = YES;
				CLANG_WARN_INT_CONVERSION = YES;
				CLANG_WARN_OBJC_ROOT_CLASS = YES_ERROR;
				CLANG_WARN_UNREACHABLE_CODE = YES;
				CLANG_WARN__DUPLICATE_METHOD_MATCH = YES;
				"CODE_SIGN_IDENTITY[sdk=iphoneos*]" = "iPhone Developer";
				COPY_PHASE_STRIP = NO;
				ENABLE_NS_ASSERTIONS = NO;
				ENABLE_STRICT_OBJC_MSGSEND = YES;
				GCC_C_LANGUAGE_STANDARD = gnu99;
				GCC_WARN_64_TO_32_BIT_CONVERSION = YES;
				GCC_WARN_ABOUT_RETURN_TYPE = YES_ERROR;
				GCC_WARN_UNDECLARED_SELECTOR = YES;
				GCC_WARN_UNINITIALIZED_AUTOS = YES_AGGRESSIVE;
				GCC_WARN_UNUSED_FUNCTION = YES;
				GCC_WARN_UNUSED_VARIABLE = YES;
				IPHONEOS_DEPLOYMENT_TARGET = 8.2;
				MTL_ENABLE_DEBUG_INFO = NO;
				SDKROOT = iphoneos;
				VALIDATE_PRODUCT = YES;
			};
			name = Release;
		};
		D24DCA7C1ABA73E8007184A0 /* Debug */ = {
			isa = XCBuildConfiguration;
			buildSettings = {
				ASSETCATALOG_COMPILER_APPICON_NAME = AppIcon;
				INFOPLIST_FILE = TodoList/Info.plist;
				LD_RUNPATH_SEARCH_PATHS = "$(inherited) @executable_path/Frameworks";
				PRODUCT_NAME = "$(TARGET_NAME)";
			};
			name = Debug;
		};
		D24DCA7D1ABA73E8007184A0 /* Release */ = {
			isa = XCBuildConfiguration;
			buildSettings = {
				ASSETCATALOG_COMPILER_APPICON_NAME = AppIcon;
				INFOPLIST_FILE = TodoList/Info.plist;
				LD_RUNPATH_SEARCH_PATHS = "$(inherited) @executable_path/Frameworks";
				PRODUCT_NAME = "$(TARGET_NAME)";
			};
			name = Release;
		};
		D24DCA7F1ABA73E8007184A0 /* Debug */ = {
			isa = XCBuildConfiguration;
			buildSettings = {
				BUNDLE_LOADER = "$(TEST_HOST)";
				FRAMEWORK_SEARCH_PATHS = (
					"$(SDKROOT)/Developer/Library/Frameworks",
					"$(inherited)",
				);
				GCC_PREPROCESSOR_DEFINITIONS = (
					"DEBUG=1",
					"$(inherited)",
				);
				INFOPLIST_FILE = TodoListTests/Info.plist;
				LD_RUNPATH_SEARCH_PATHS = "$(inherited) @executable_path/Frameworks @loader_path/Frameworks";
				PRODUCT_NAME = "$(TARGET_NAME)";
				TEST_HOST = "$(BUILT_PRODUCTS_DIR)/TodoList.app/TodoList";
			};
			name = Debug;
		};
		D24DCA801ABA73E8007184A0 /* Release */ = {
			isa = XCBuildConfiguration;
			buildSettings = {
				BUNDLE_LOADER = "$(TEST_HOST)";
				FRAMEWORK_SEARCH_PATHS = (
					"$(SDKROOT)/Developer/Library/Frameworks",
					"$(inherited)",
				);
				INFOPLIST_FILE = TodoListTests/Info.plist;
				LD_RUNPATH_SEARCH_PATHS = "$(inherited) @executable_path/Frameworks @loader_path/Frameworks";
				PRODUCT_NAME = "$(TARGET_NAME)";
				TEST_HOST = "$(BUILT_PRODUCTS_DIR)/TodoList.app/TodoList";
			};
			name = Release;
		};
/* End XCBuildConfiguration section */

/* Begin XCConfigurationList section */
		D24DCA571ABA73E7007184A0 /* Build configuration list for PBXProject "TodoList" */ = {
			isa = XCConfigurationList;
			buildConfigurations = (
				D24DCA791ABA73E8007184A0 /* Debug */,
				D24DCA7A1ABA73E8007184A0 /* Release */,
			);
			defaultConfigurationIsVisible = 0;
			defaultConfigurationName = Release;
		};
		D24DCA7B1ABA73E8007184A0 /* Build configuration list for PBXNativeTarget "TodoList" */ = {
			isa = XCConfigurationList;
			buildConfigurations = (
				D24DCA7C1ABA73E8007184A0 /* Debug */,
				D24DCA7D1ABA73E8007184A0 /* Release */,
			);
			defaultConfigurationIsVisible = 0;
		};
		D24DCA7E1ABA73E8007184A0 /* Build configuration list for PBXNativeTarget "TodoListTests" */ = {
			isa = XCConfigurationList;
			buildConfigurations = (
				D24DCA7F1ABA73E8007184A0 /* Debug */,
				D24DCA801ABA73E8007184A0 /* Release */,
			);
			defaultConfigurationIsVisible = 0;
		};
/* End XCConfigurationList section */
	};
	rootObject = D24DCA541ABA73E7007184A0 /* Project object */;
}
